
Microsoft Visual Studio Solution File, Format Version 12.00
# Visual Studio Version 17
VisualStudioVersion = 17.3.32825.248
MinimumVisualStudioVersion = 10.0.40219.1
Project("{FAE04EC0-301F-11D3-BF4B-00C04F79EFBC}") = "HackathonRoute.Integration", "HackathonRoute.Integration.csproj", "{B6F32F10-9707-4A10-84C8-48C64D1FCE9D}"
EndProject
Global
	GlobalSection(SolutionConfigurationPlatforms) = preSolution
		Debug|Any CPU = Debug|Any CPU
		Release|Any CPU = Release|Any CPU
	EndGlobalSection
	GlobalSection(ProjectConfigurationPlatforms) = postSolution
		{B6F32F10-9707-4A10-84C8-48C64D1FCE9D}.Debug|Any CPU.ActiveCfg = Debug|Any CPU
		{B6F32F10-9707-4A10-84C8-48C64D1FCE9D}.Debug|Any CPU.Build.0 = Debug|Any CPU
		{B6F32F10-9707-4A10-84C8-48C64D1FCE9D}.Release|Any CPU.ActiveCfg = Release|Any CPU
		{B6F32F10-9707-4A10-84C8-48C64D1FCE9D}.Release|Any CPU.Build.0 = Release|Any CPU
	EndGlobalSection
	GlobalSection(SolutionProperties) = preSolution
		HideSolutionNode = FALSE
	EndGlobalSection
	GlobalSection(ExtensibilityGlobals) = postSolution
		SolutionGuid = {6B97D3D6-024E-4215-BAC1-736813E94A84}
	EndGlobalSection
EndGlobal
